
Microsoft Visual Studio Solution File, Format Version 11.00
# Visual Studio 2010
Project("{FAE04EC0-301F-11D3-BF4B-00C04F79EFBC}") = "Assembly-CSharp", "Assembly-CSharp.csproj", "{C59041B8-AAE8-B91C-FACE-5651860908B1}"
EndProject
Project("{FAE04EC0-301F-11D3-BF4B-00C04F79EFBC}") = "Assembly-CSharp-firstpass", "Assembly-CSharp-firstpass.csproj", "{D0FFDC2A-CC2B-2ABC-5A0B-BA20B3F89061}"
EndProject
Project("{FAE04EC0-301F-11D3-BF4B-00C04F79EFBC}") = "Assembly-CSharp-Editor-firstpass", "Assembly-CSharp-Editor-firstpass.csproj", "{24A0C54D-956D-BED6-FA16-F2BD0C35E509}"
EndProject
Global
	GlobalSection(SolutionConfigurationPlatforms) = preSolution
		Debug|Any CPU = Debug|Any CPU
		Release|Any CPU = Release|Any CPU
	EndGlobalSection
	GlobalSection(ProjectConfigurationPlatforms) = postSolution
		{C59041B8-AAE8-B91C-FACE-5651860908B1}.Debug|Any CPU.ActiveCfg = Debug|Any CPU
		{C59041B8-AAE8-B91C-FACE-5651860908B1}.Debug|Any CPU.Build.0 = Debug|Any CPU
		{C59041B8-AAE8-B91C-FACE-5651860908B1}.Release|Any CPU.ActiveCfg = Release|Any CPU
		{C59041B8-AAE8-B91C-FACE-5651860908B1}.Release|Any CPU.Build.0 = Release|Any CPU
		{D0FFDC2A-CC2B-2ABC-5A0B-BA20B3F89061}.Debug|Any CPU.ActiveCfg = Debug|Any CPU
		{D0FFDC2A-CC2B-2ABC-5A0B-BA20B3F89061}.Debug|Any CPU.Build.0 = Debug|Any CPU
		{D0FFDC2A-CC2B-2ABC-5A0B-BA20B3F89061}.Release|Any CPU.ActiveCfg = Release|Any CPU
		{D0FFDC2A-CC2B-2ABC-5A0B-BA20B3F89061}.Release|Any CPU.Build.0 = Release|Any CPU
		{24A0C54D-956D-BED6-FA16-F2BD0C35E509}.Debug|Any CPU.ActiveCfg = Debug|Any CPU
		{24A0C54D-956D-BED6-FA16-F2BD0C35E509}.Debug|Any CPU.Build.0 = Debug|Any CPU
		{24A0C54D-956D-BED6-FA16-F2BD0C35E509}.Release|Any CPU.ActiveCfg = Release|Any CPU
		{24A0C54D-956D-BED6-FA16-F2BD0C35E509}.Release|Any CPU.Build.0 = Release|Any CPU
	EndGlobalSection
	GlobalSection(SolutionProperties) = preSolution
		HideSolutionNode = FALSE
	EndGlobalSection
EndGlobal
